docs/REST-TOKEN-RELAY.md -> chat-client-rsocket/src/main/kotlin/com/demo/chat/client/rsocket/CoreSecurityErrorDecoder.kt sig:59ee4b32bebf84ef
docs/REST-TOKEN-RELAY.md -> chat-client-rsocket/src/main/kotlin/com/demo/chat/client/rsocket/MetadataRSocketRequester.kt sig:5a8d41ce7cdeacb3
docs/REST-TOKEN-RELAY.md -> chat-security/src/main/kotlin/com/demo/chat/config/agent/AgentAuthenticationConverter.kt sig:68f5b1eff8facb69
docs/REST-TOKEN-RELAY.md -> chat-security/src/main/kotlin/com/demo/chat/config/agent/AgentAuthenticationToken.kt sig:8a4303525163aa18
docs/REST-TOKEN-RELAY.md -> chat-security/src/main/kotlin/com/demo/chat/config/agent/AgentIdentity.kt sig:54c460feaab12adf
docs/REST-TOKEN-RELAY.md -> chat-security/src/main/kotlin/com/demo/chat/config/agent/AgentIdentityLifecycle.kt sig:1f2b9c9bdb49a832
docs/REST-TOKEN-RELAY.md -> chat-security/src/main/kotlin/com/demo/chat/config/agent/AgentJwtDecoderFactory.kt sig:7b1b1e0293559c1f
docs/REST-TOKEN-RELAY.md -> chat-security/src/main/kotlin/com/demo/chat/config/agent/AgentSecurityProperties.kt sig:82e8b37a1a765352
docs/REST-TOKEN-RELAY.md -> chat-security/src/main/kotlin/com/demo/chat/security/rsocket/RSocketSecurityErrorCodes.kt sig:c40756a4935868cb
docs/REST-TOKEN-RELAY.md -> chat-service-controller/src/main/kotlin/com/demo/chat/config/rsocket/RSocketAgentSecurityConfiguration.kt sig:a1c7c2b84629e3b1
docs/REST-TOKEN-RELAY.md -> chat-service-controller/src/main/kotlin/com/demo/chat/config/rsocket/RSocketSecurityConfiguration.kt sig:da2329ea0e269120
docs/REST-TOKEN-RELAY.md -> chat-service-controller/src/main/kotlin/com/demo/chat/config/rsocket/RSocketSecurityErrorInterceptor.kt sig:d59bb06ec39e4c08
docs/REST-TOKEN-RELAY.md -> chat-service-controller/src/main/kotlin/com/demo/chat/config/rsocket/RSocketServerConfiguration.kt sig:c08d16e4678c2848
docs/REST-TOKEN-RELAY.md -> chat-webflux/src/main/kotlin/com/demo/chat/config/WebFluxKeyVerifierConfiguration.kt sig:ea498ba23215eb28
docs/REST-TOKEN-RELAY.md -> chat-webflux/src/main/kotlin/com/demo/chat/config/agent/AgentResourceServerChain.kt sig:81166186e24bd85c
docs/REST-TOKEN-RELAY.md -> chat-webflux/src/main/kotlin/com/demo/chat/config/agent/AgentSecurityConfiguration.kt sig:f9c3487224231b31
docs/REST-TOKEN-RELAY.md -> chat-webflux/src/main/kotlin/com/demo/chat/config/agent/CoreRestControllers.kt sig:7535afb3ee97d1a4
