docs/ANONYMOUS-AUTHORIZATION.md -> chat-deploy/src/main/kotlin/com/demo/chat/service/init/InitialUsersService.kt sig:d0078fb0a808409e
docs/LUCENE-INDEX-FILES.md -> chat-deploy/src/main/kotlin/com/demo/chat/config/deploy/actuator/LuceneIndexEndpoint.kt sig:d275a6ae77a73f71
docs/LUCENE-INDEX-FILES.md -> chat-index-lucene/src/main/kotlin/com/demo/chat/index/lucene/LuceneIndexLoad.kt sig:b23de4231f0070f4
docs/LUCENE-INDEX-FILES.md -> chat-index-lucene/src/main/kotlin/com/demo/chat/index/lucene/LuceneIndexRegistry.kt sig:bbd6363a345f4057
docs/LUCENE-INDEX-FILES.md -> chat-index-lucene/src/main/kotlin/com/demo/chat/index/lucene/impl/LuceneIndex.kt sig:35ec50896cee7f45
docs/LUCENE-INDEX-FILES.md -> chat-index-lucene/src/main/kotlin/com/demo/chat/index/lucene/storage/IndexRequests.kt sig:38c6e55f52111248
docs/LUCENE-INDEX-FILES.md -> chat-index-lucene/src/main/kotlin/com/demo/chat/index/lucene/storage/IndexStartSequence.kt sig:ea45ab71565e09e1
docs/REST-TOKEN-RELAY.md -> chat-client-rsocket/src/main/kotlin/com/demo/chat/client/rsocket/CoreSecurityErrorDecoder.kt sig:59ee4b32bebf84ef
docs/REST-TOKEN-RELAY.md -> chat-client-rsocket/src/main/kotlin/com/demo/chat/client/rsocket/MetadataRSocketRequester.kt sig:5a8d41ce7cdeacb3
docs/REST-TOKEN-RELAY.md -> chat-security/src/main/kotlin/com/demo/chat/config/agent/AgentAuthenticationConverter.kt sig:5c133f409ac69889
docs/REST-TOKEN-RELAY.md -> chat-security/src/main/kotlin/com/demo/chat/config/agent/AgentAuthenticationToken.kt sig:8a4303525163aa18
docs/REST-TOKEN-RELAY.md -> chat-security/src/main/kotlin/com/demo/chat/config/agent/AgentIdentities.kt sig:697f26513bdee0ce
docs/REST-TOKEN-RELAY.md -> chat-security/src/main/kotlin/com/demo/chat/config/agent/AgentIdentityLifecycle.kt sig:ead36dff6c3e388b
docs/REST-TOKEN-RELAY.md -> chat-security/src/main/kotlin/com/demo/chat/config/agent/AgentJwtDecoderFactory.kt sig:7b1b1e0293559c1f
docs/REST-TOKEN-RELAY.md -> chat-security/src/main/kotlin/com/demo/chat/config/agent/AgentSecurityProperties.kt sig:1546999e22dd9b8c
docs/REST-TOKEN-RELAY.md -> chat-security/src/main/kotlin/com/demo/chat/config/agent/AgentSecurityPropertiesGuard.kt sig:4b0824a3bf8fb896
docs/REST-TOKEN-RELAY.md -> chat-security/src/main/kotlin/com/demo/chat/security/rsocket/RSocketSecurityErrorCodes.kt sig:c40756a4935868cb
docs/REST-TOKEN-RELAY.md -> chat-service-controller/src/main/kotlin/com/demo/chat/config/rsocket/RSocketAgentSecurityConfiguration.kt sig:9fca3355b59af646
docs/REST-TOKEN-RELAY.md -> chat-service-controller/src/main/kotlin/com/demo/chat/config/rsocket/RSocketSecurityConfiguration.kt sig:da2329ea0e269120
docs/REST-TOKEN-RELAY.md -> chat-service-controller/src/main/kotlin/com/demo/chat/config/rsocket/RSocketSecurityErrorInterceptor.kt sig:d59bb06ec39e4c08
docs/REST-TOKEN-RELAY.md -> chat-service-controller/src/main/kotlin/com/demo/chat/config/rsocket/RSocketServerConfiguration.kt sig:c08d16e4678c2848
docs/REST-TOKEN-RELAY.md -> chat-webflux/src/main/kotlin/com/demo/chat/config/WebFluxKeyVerifierConfiguration.kt sig:ea498ba23215eb28
docs/REST-TOKEN-RELAY.md -> chat-webflux/src/main/kotlin/com/demo/chat/config/agent/AgentResourceServerChain.kt sig:aa88a1ecd09ec0b5
docs/REST-TOKEN-RELAY.md -> chat-webflux/src/main/kotlin/com/demo/chat/config/agent/AgentSecurityConfiguration.kt sig:cfca97170f7b02f2
docs/REST-TOKEN-RELAY.md -> chat-webflux/src/main/kotlin/com/demo/chat/config/agent/CoreRestControllers.kt sig:7535afb3ee97d1a4
